
Microsoft Visual Studio Solution File, Format Version 12.00
# Visual Studio Version 17
VisualStudioVersion = 17.6.33829.357
MinimumVisualStudioVersion = 10.0.40219.1
Project("{FAE04EC0-301F-11D3-BF4B-00C04F79EFBC}") = "Plugins", "Plugins\Plugins.csproj", "{16101008-BB22-4321-9BD0-45A7A08CDABD}"
EndProject
Project("{9A19103F-16F7-4668-BE54-9A1E7A4F7556}") = "Plugins.Chr.Tests", "Plugins.Chr.Tests\Plugins.Chr.Tests.csproj", "{CAAA2676-4FC7-4EE7-B7FE-1112C8B50C17}"
EndProject
Project("{911E67C6-3D85-4FCE-B560-20A9C3E3FF48}") = "acad", "..\..\..\..\..\Program Files\Autodesk\AutoCAD 2021\acad.exe", "{3CEED13D-DB90-410F-9F6A-EE73E0BD51BB}"
	ProjectSection(DebuggerProjectSystem) = preProject
		PortSupplier = 00000000-0000-0000-0000-000000000000
		Executable = C:\Program Files\Autodesk\AutoCAD 2023\acad.exe
		RemoteMachine = DESKTOP-RH28DE8
		StartingDirectory = C:\Program Files\Autodesk\AutoCAD 2023
		Arguments = /b load_plugin.scr
		Environment = По умолчанию
		LaunchingEngine = fb0d4648-f776-4980-95f8-bb7f36ebc1ee
		UseLegacyDebugEngines = No
		LaunchSQLEngine = No
		AttachLaunchAction = No
		IORedirection = Auto
	EndProjectSection
EndProject
Project("{9A19103F-16F7-4668-BE54-9A1E7A4F7556}") = "Plugins.Chr", "Plugins.Chr\Plugins.Chr.csproj", "{F58DDC1D-F6AC-476D-A09F-8B5880630764}"
EndProject
Project("{9A19103F-16F7-4668-BE54-9A1E7A4F7556}") = "Plugins.Console", "Plugins.Console\Plugins.Console.csproj", "{BA520B71-239A-47F3-BD86-8AE562320BA4}"
EndProject
Project("{9A19103F-16F7-4668-BE54-9A1E7A4F7556}") = "Plugins.Console.Tests", "Plugins.Console.Tests\Plugins.Console.Tests.csproj", "{4C652239-0392-4932-A077-C1BAF6EBB90A}"
EndProject
Project("{2150E333-8FDC-42A3-9474-1A3956D46DE8}") = "Solution Items", "Solution Items", "{50C3DEAE-D036-4F18-9DB9-A71DE3877171}"
	ProjectSection(SolutionItems) = preProject
		.editorconfig = .editorconfig
	EndProjectSection
EndProject
Global
	GlobalSection(SolutionConfigurationPlatforms) = preSolution
		Debug|Any CPU = Debug|Any CPU
		Debug|x64 = Debug|x64
		Release|Any CPU = Release|Any CPU
		Release|x64 = Release|x64
	EndGlobalSection
	GlobalSection(ProjectConfigurationPlatforms) = postSolution
		{16101008-BB22-4321-9BD0-45A7A08CDABD}.Debug|Any CPU.ActiveCfg = Debug|Any CPU
		{16101008-BB22-4321-9BD0-45A7A08CDABD}.Debug|Any CPU.Build.0 = Debug|Any CPU
		{16101008-BB22-4321-9BD0-45A7A08CDABD}.Debug|x64.ActiveCfg = Debug|Any CPU
		{16101008-BB22-4321-9BD0-45A7A08CDABD}.Debug|x64.Build.0 = Debug|Any CPU
		{16101008-BB22-4321-9BD0-45A7A08CDABD}.Release|Any CPU.ActiveCfg = Release|Any CPU
		{16101008-BB22-4321-9BD0-45A7A08CDABD}.Release|Any CPU.Build.0 = Release|Any CPU
		{16101008-BB22-4321-9BD0-45A7A08CDABD}.Release|x64.ActiveCfg = Release|Any CPU
		{16101008-BB22-4321-9BD0-45A7A08CDABD}.Release|x64.Build.0 = Release|Any CPU
		{CAAA2676-4FC7-4EE7-B7FE-1112C8B50C17}.Debug|Any CPU.ActiveCfg = Debug|Any CPU
		{CAAA2676-4FC7-4EE7-B7FE-1112C8B50C17}.Debug|Any CPU.Build.0 = Debug|Any CPU
		{CAAA2676-4FC7-4EE7-B7FE-1112C8B50C17}.Debug|x64.ActiveCfg = Debug|Any CPU
		{CAAA2676-4FC7-4EE7-B7FE-1112C8B50C17}.Debug|x64.Build.0 = Debug|Any CPU
		{CAAA2676-4FC7-4EE7-B7FE-1112C8B50C17}.Release|Any CPU.ActiveCfg = Release|Any CPU
		{CAAA2676-4FC7-4EE7-B7FE-1112C8B50C17}.Release|Any CPU.Build.0 = Release|Any CPU
		{CAAA2676-4FC7-4EE7-B7FE-1112C8B50C17}.Release|x64.ActiveCfg = Release|Any CPU
		{CAAA2676-4FC7-4EE7-B7FE-1112C8B50C17}.Release|x64.Build.0 = Release|Any CPU
		{3CEED13D-DB90-410F-9F6A-EE73E0BD51BB}.Debug|Any CPU.ActiveCfg = Release|x64
		{3CEED13D-DB90-410F-9F6A-EE73E0BD51BB}.Debug|x64.ActiveCfg = Release|x64
		{3CEED13D-DB90-410F-9F6A-EE73E0BD51BB}.Release|Any CPU.ActiveCfg = Release|x64
		{3CEED13D-DB90-410F-9F6A-EE73E0BD51BB}.Release|x64.ActiveCfg = Release|x64
		{F58DDC1D-F6AC-476D-A09F-8B5880630764}.Debug|Any CPU.ActiveCfg = Debug|Any CPU
		{F58DDC1D-F6AC-476D-A09F-8B5880630764}.Debug|Any CPU.Build.0 = Debug|Any CPU
		{F58DDC1D-F6AC-476D-A09F-8B5880630764}.Debug|x64.ActiveCfg = Debug|Any CPU
		{F58DDC1D-F6AC-476D-A09F-8B5880630764}.Debug|x64.Build.0 = Debug|Any CPU
		{F58DDC1D-F6AC-476D-A09F-8B5880630764}.Release|Any CPU.ActiveCfg = Release|Any CPU
		{F58DDC1D-F6AC-476D-A09F-8B5880630764}.Release|Any CPU.Build.0 = Release|Any CPU
		{F58DDC1D-F6AC-476D-A09F-8B5880630764}.Release|x64.ActiveCfg = Release|Any CPU
		{F58DDC1D-F6AC-476D-A09F-8B5880630764}.Release|x64.Build.0 = Release|Any CPU
		{BA520B71-239A-47F3-BD86-8AE562320BA4}.Debug|Any CPU.ActiveCfg = Debug|Any CPU
		{BA520B71-239A-47F3-BD86-8AE562320BA4}.Debug|Any CPU.Build.0 = Debug|Any CPU
		{BA520B71-239A-47F3-BD86-8AE562320BA4}.Debug|x64.ActiveCfg = Debug|Any CPU
		{BA520B71-239A-47F3-BD86-8AE562320BA4}.Debug|x64.Build.0 = Debug|Any CPU
		{BA520B71-239A-47F3-BD86-8AE562320BA4}.Release|Any CPU.ActiveCfg = Release|Any CPU
		{BA520B71-239A-47F3-BD86-8AE562320BA4}.Release|Any CPU.Build.0 = Release|Any CPU
		{BA520B71-239A-47F3-BD86-8AE562320BA4}.Release|x64.ActiveCfg = Release|Any CPU
		{BA520B71-239A-47F3-BD86-8AE562320BA4}.Release|x64.Build.0 = Release|Any CPU
		{4C652239-0392-4932-A077-C1BAF6EBB90A}.Debug|Any CPU.ActiveCfg = Debug|Any CPU
		{4C652239-0392-4932-A077-C1BAF6EBB90A}.Debug|Any CPU.Build.0 = Debug|Any CPU
		{4C652239-0392-4932-A077-C1BAF6EBB90A}.Debug|x64.ActiveCfg = Debug|Any CPU
		{4C652239-0392-4932-A077-C1BAF6EBB90A}.Debug|x64.Build.0 = Debug|Any CPU
		{4C652239-0392-4932-A077-C1BAF6EBB90A}.Release|Any CPU.ActiveCfg = Release|Any CPU
		{4C652239-0392-4932-A077-C1BAF6EBB90A}.Release|Any CPU.Build.0 = Release|Any CPU
		{4C652239-0392-4932-A077-C1BAF6EBB90A}.Release|x64.ActiveCfg = Release|Any CPU
		{4C652239-0392-4932-A077-C1BAF6EBB90A}.Release|x64.Build.0 = Release|Any CPU
	EndGlobalSection
	GlobalSection(SolutionProperties) = preSolution
		HideSolutionNode = FALSE
	EndGlobalSection
	GlobalSection(ExtensibilityGlobals) = postSolution
		SolutionGuid = {EB1B0F15-372A-4112-8A65-6C0AD00F6400}
	EndGlobalSection
EndGlobal
